
Microsoft Visual Studio Solution File, Format Version 12.00
# Visual Studio Version 16
VisualStudioVersion = 16.0.31129.286
MinimumVisualStudioVersion = 10.0.40219.1
Project("{FAE04EC0-301F-11D3-BF4B-00C04F79EFBC}") = "ReportGenerator", "ReportGenerator\ReportGenerator.csproj", "{DEA156AD-B16E-4222-B2C0-AB7AB3820D97}"
EndProject
Global
	GlobalSection(SolutionConfigurationPlatforms) = preSolution
		Debug|Any CPU = Debug|Any CPU
		Release|Any CPU = Release|Any CPU
	EndGlobalSection
	GlobalSection(ProjectConfigurationPlatforms) = postSolution
		{DEA156AD-B16E-4222-B2C0-AB7AB3820D97}.Debug|Any CPU.ActiveCfg = Debug|Any CPU
		{DEA156AD-B16E-4222-B2C0-AB7AB3820D97}.Debug|Any CPU.Build.0 = Debug|Any CPU
		{DEA156AD-B16E-4222-B2C0-AB7AB3820D97}.Release|Any CPU.ActiveCfg = Release|Any CPU
		{DEA156AD-B16E-4222-B2C0-AB7AB3820D97}.Release|Any CPU.Build.0 = Release|Any CPU
	EndGlobalSection
	GlobalSection(SolutionProperties) = preSolution
		HideSolutionNode = FALSE
	EndGlobalSection
	GlobalSection(ExtensibilityGlobals) = postSolution
		SolutionGuid = {E21245D7-C353-40FF-852A-9B10B82E4DFD}
	EndGlobalSection
EndGlobal
